
Microsoft Visual Studio Solution File, Format Version 12.00
# Visual Studio 2012
Project("{FAE04EC0-301F-11D3-BF4B-00C04F79EFBC}") = "CourseManager", "CourseManager\CourseManager.csproj", "{ED89B314-C4EF-4353-A033-3AB1605CA318}"
EndProject
Global
	GlobalSection(SolutionConfigurationPlatforms) = preSolution
		Debug|Any CPU = Debug|Any CPU
		Release|Any CPU = Release|Any CPU
	EndGlobalSection
	GlobalSection(ProjectConfigurationPlatforms) = postSolution
		{ED89B314-C4EF-4353-A033-3AB1605CA318}.Debug|Any CPU.ActiveCfg = Debug|Any CPU
		{ED89B314-C4EF-4353-A033-3AB1605CA318}.Debug|Any CPU.Build.0 = Debug|Any CPU
		{ED89B314-C4EF-4353-A033-3AB1605CA318}.Release|Any CPU.ActiveCfg = Release|Any CPU
		{ED89B314-C4EF-4353-A033-3AB1605CA318}.Release|Any CPU.Build.0 = Release|Any CPU
	EndGlobalSection
	GlobalSection(SolutionProperties) = preSolution
		HideSolutionNode = FALSE
	EndGlobalSection
EndGlobal
